
Microsoft Visual Studio Solution File, Format Version 12.00
# Visual Studio Version 17
VisualStudioVersion = 17.4.33103.184
MinimumVisualStudioVersion = 10.0.40219.1
Project("{FAE04EC0-301F-11D3-BF4B-00C04F79EFBC}") = "age_task", "age_task\age_task.csproj", "{97F85371-D918-4E2F-A954-20A5A5FB2ED2}"
EndProject
Global
	GlobalSection(SolutionConfigurationPlatforms) = preSolution
		Debug|Any CPU = Debug|Any CPU
		Release|Any CPU = Release|Any CPU
	EndGlobalSection
	GlobalSection(ProjectConfigurationPlatforms) = postSolution
		{97F85371-D918-4E2F-A954-20A5A5FB2ED2}.Debug|Any CPU.ActiveCfg = Debug|Any CPU
		{97F85371-D918-4E2F-A954-20A5A5FB2ED2}.Debug|Any CPU.Build.0 = Debug|Any CPU
		{97F85371-D918-4E2F-A954-20A5A5FB2ED2}.Release|Any CPU.ActiveCfg = Release|Any CPU
		{97F85371-D918-4E2F-A954-20A5A5FB2ED2}.Release|Any CPU.Build.0 = Release|Any CPU
	EndGlobalSection
	GlobalSection(SolutionProperties) = preSolution
		HideSolutionNode = FALSE
	EndGlobalSection
	GlobalSection(ExtensibilityGlobals) = postSolution
		SolutionGuid = {4F91D878-2BC2-4B8F-9954-DC55A59F76B9}
	EndGlobalSection
EndGlobal
